// !$*UTF8*$!
{
	archiveVersion = 1;
	classes = {
	};
	objectVersion = 56;
	objects = {

/* Begin PBXBuildFile section */
		2710591E2B87BC88003D9CC7 /* CharactersViewModel.swift in Sources */ = {isa = PBXBuildFile; fileRef = 2710591D2B87BC88003D9CC7 /* CharactersViewModel.swift */; };
		271059202B87C766003D9CC7 /* CharacterCellView.swift in Sources */ = {isa = PBXBuildFile; fileRef = 2710591F2B87C766003D9CC7 /* CharacterCellView.swift */; };
		271059222B87D3D4003D9CC7 /* ListView.swift in Sources */ = {isa = PBXBuildFile; fileRef = 271059212B87D3D4003D9CC7 /* ListView.swift */; };
		271059252B87D528003D9CC7 /* ErrorView.swift in Sources */ = {isa = PBXBuildFile; fileRef = 271059242B87D528003D9CC7 /* ErrorView.swift */; };
		271059282B87D65A003D9CC7 /* LoadingView.swift in Sources */ = {isa = PBXBuildFile; fileRef = 271059272B87D65A003D9CC7 /* LoadingView.swift */; };
		274131E52B94A87400DBA4AA /* SeriesDetailViewModelTests.swift in Sources */ = {isa = PBXBuildFile; fileRef = 274131E42B94A87400DBA4AA /* SeriesDetailViewModelTests.swift */; };
		274131EA2B94AF1700DBA4AA /* ViewInspector in Frameworks */ = {isa = PBXBuildFile; productRef = 274131E92B94AF1700DBA4AA /* ViewInspector */; };
		274131EE2B94AF5200DBA4AA /* ErrorViewTests.swift in Sources */ = {isa = PBXBuildFile; fileRef = 274131ED2B94AF5200DBA4AA /* ErrorViewTests.swift */; };
		274131F12B94B48B00DBA4AA /* LoadingViewTests.swift in Sources */ = {isa = PBXBuildFile; fileRef = 274131F02B94B48B00DBA4AA /* LoadingViewTests.swift */; };
		274131F42B94B5DB00DBA4AA /* DetailViewTests.swift in Sources */ = {isa = PBXBuildFile; fileRef = 274131F32B94B5DB00DBA4AA /* DetailViewTests.swift */; };
		274131F82B94C7BF00DBA4AA /* Inspection.swift in Sources */ = {isa = PBXBuildFile; fileRef = 274131F62B94C7AB00DBA4AA /* Inspection.swift */; };
		274131FC2B94C81A00DBA4AA /* InspectionTestTarget.swift in Sources */ = {isa = PBXBuildFile; fileRef = 274131F92B94C7F400DBA4AA /* InspectionTestTarget.swift */; };
		2763EBE52B8A1FFA00E3CF22 /* DetailView.swift in Sources */ = {isa = PBXBuildFile; fileRef = 2763EBE42B8A1FFA00E3CF22 /* DetailView.swift */; };
		2763EBE72B8A200C00E3CF22 /* SeriesDetailViewModel.swift in Sources */ = {isa = PBXBuildFile; fileRef = 2763EBE62B8A200C00E3CF22 /* SeriesDetailViewModel.swift */; };
		276B47AF2B91E12E0070F4D0 /* StatusModel.swift in Sources */ = {isa = PBXBuildFile; fileRef = 276B47AE2B91E12E0070F4D0 /* StatusModel.swift */; };
		276B47B22B91F12C0070F4D0 /* With.swift in Sources */ = {isa = PBXBuildFile; fileRef = 276B47B12B91F12C0070F4D0 /* With.swift */; };
		276B60782B935B8700744FF0 /* Networker.swift in Sources */ = {isa = PBXBuildFile; fileRef = 276B60772B935B8700744FF0 /* Networker.swift */; };
		276B607E2B93738200744FF0 /* MarvelInteractor.swift in Sources */ = {isa = PBXBuildFile; fileRef = 276B607D2B93738200744FF0 /* MarvelInteractor.swift */; };
		27A898FF2B869659007F03A4 /* Extension+URL.swift in Sources */ = {isa = PBXBuildFile; fileRef = 27A898FE2B869659007F03A4 /* Extension+URL.swift */; };
		27A899012B86993B007F03A4 /* Extension+URLResponse.swift in Sources */ = {isa = PBXBuildFile; fileRef = 27A899002B86993B007F03A4 /* Extension+URLResponse.swift */; };
		27C2783F2B867580005D0062 /* MarvelApp.swift in Sources */ = {isa = PBXBuildFile; fileRef = 27C2783E2B867580005D0062 /* MarvelApp.swift */; };
		27C278412B867580005D0062 /* RootView.swift in Sources */ = {isa = PBXBuildFile; fileRef = 27C278402B867580005D0062 /* RootView.swift */; };
		27C278432B867582005D0062 /* Assets.xcassets in Resources */ = {isa = PBXBuildFile; fileRef = 27C278422B867582005D0062 /* Assets.xcassets */; };
		27C278472B867582005D0062 /* Preview Assets.xcassets in Resources */ = {isa = PBXBuildFile; fileRef = 27C278462B867582005D0062 /* Preview Assets.xcassets */; };
		27C278512B867583005D0062 /* MarvelTests.swift in Sources */ = {isa = PBXBuildFile; fileRef = 27C278502B867583005D0062 /* MarvelTests.swift */; };
		27C278702B867727005D0062 /* Network.swift in Sources */ = {isa = PBXBuildFile; fileRef = 27C2786F2B867727005D0062 /* Network.swift */; };
		27C278752B867AF3005D0062 /* Authentication.swift in Sources */ = {isa = PBXBuildFile; fileRef = 27C278742B867AF3005D0062 /* Authentication.swift */; };
		27C298E12B92074E009E7B5A /* AuthenticationTests.swift in Sources */ = {isa = PBXBuildFile; fileRef = 27C298E02B92074E009E7B5A /* AuthenticationTests.swift */; };
		27C298E42B920F53009E7B5A /* withTests.swift in Sources */ = {isa = PBXBuildFile; fileRef = 27C298E32B920F53009E7B5A /* withTests.swift */; };
		27C298E82B92128A009E7B5A /* Extension+URLTests.swift in Sources */ = {isa = PBXBuildFile; fileRef = 27C298E72B92128A009E7B5A /* Extension+URLTests.swift */; };
		27C298EA2B921299009E7B5A /* Extension+URLResponseTests.swift in Sources */ = {isa = PBXBuildFile; fileRef = 27C298E92B921299009E7B5A /* Extension+URLResponseTests.swift */; };
		27C298ED2B9222F1009E7B5A /* MarvelResponseTests.swift in Sources */ = {isa = PBXBuildFile; fileRef = 27C298EC2B9222F1009E7B5A /* MarvelResponseTests.swift */; };
		27C298EF2B9228C8009E7B5A /* StatusModelTests.swift in Sources */ = {isa = PBXBuildFile; fileRef = 27C298EE2B9228C8009E7B5A /* StatusModelTests.swift */; };
		27C298F32B922B56009E7B5A /* NetworkDataSourceTests.swift in Sources */ = {isa = PBXBuildFile; fileRef = 27C298F22B922B56009E7B5A /* NetworkDataSourceTests.swift */; };
		27C298F62B92401D009E7B5A /* CharactersViewModelTests.swift in Sources */ = {isa = PBXBuildFile; fileRef = 27C298F52B92401D009E7B5A /* CharactersViewModelTests.swift */; };
		27D3BCF52B93A5D400CC133F /* MarvelUITests.swift in Sources */ = {isa = PBXBuildFile; fileRef = 27C2785A2B867583005D0062 /* MarvelUITests.swift */; };
		27D3BCF62B93A5D700CC133F /* MarvelUITestsLaunchTests.swift in Sources */ = {isa = PBXBuildFile; fileRef = 27C2785C2B867583005D0062 /* MarvelUITestsLaunchTests.swift */; };
		27D3BCF82B93ACD100CC133F /* NetworkerTests.swift in Sources */ = {isa = PBXBuildFile; fileRef = 27D3BCF72B93ACD100CC133F /* NetworkerTests.swift */; };
		27F839122B87AB17002D3A66 /* MarvelResponse.swift in Sources */ = {isa = PBXBuildFile; fileRef = 27F839112B87AB17002D3A66 /* MarvelResponse.swift */; };
/* End PBXBuildFile section */

/* Begin PBXContainerItemProxy section */
		27C2784D2B867583005D0062 /* PBXContainerItemProxy */ = {
			isa = PBXContainerItemProxy;
			containerPortal = 27C278332B867580005D0062 /* Project object */;
			proxyType = 1;
			remoteGlobalIDString = 27C2783A2B867580005D0062;
			remoteInfo = Marvel;
		};
		27C278572B867583005D0062 /* PBXContainerItemProxy */ = {
			isa = PBXContainerItemProxy;
			containerPortal = 27C278332B867580005D0062 /* Project object */;
			proxyType = 1;
			remoteGlobalIDString = 27C2783A2B867580005D0062;
			remoteInfo = Marvel;
		};
/* End PBXContainerItemProxy section */

/* Begin PBXFileReference section */
		2710591D2B87BC88003D9CC7 /* CharactersViewModel.swift */ = {isa = PBXFileReference; lastKnownFileType = sourcecode.swift; path = CharactersViewModel.swift; sourceTree = "<group>"; };
		2710591F2B87C766003D9CC7 /* CharacterCellView.swift */ = {isa = PBXFileReference; lastKnownFileType = sourcecode.swift; path = CharacterCellView.swift; sourceTree = "<group>"; };
		271059212B87D3D4003D9CC7 /* ListView.swift */ = {isa = PBXFileReference; lastKnownFileType = sourcecode.swift; path = ListView.swift; sourceTree = "<group>"; };
		271059242B87D528003D9CC7 /* ErrorView.swift */ = {isa = PBXFileReference; lastKnownFileType = sourcecode.swift; path = ErrorView.swift; sourceTree = "<group>"; };
		271059272B87D65A003D9CC7 /* LoadingView.swift */ = {isa = PBXFileReference; lastKnownFileType = sourcecode.swift; path = LoadingView.swift; sourceTree = "<group>"; };
		274131E42B94A87400DBA4AA /* SeriesDetailViewModelTests.swift */ = {isa = PBXFileReference; lastKnownFileType = sourcecode.swift; path = SeriesDetailViewModelTests.swift; sourceTree = "<group>"; };
		274131ED2B94AF5200DBA4AA /* ErrorViewTests.swift */ = {isa = PBXFileReference; lastKnownFileType = sourcecode.swift; path = ErrorViewTests.swift; sourceTree = "<group>"; };
		274131F02B94B48B00DBA4AA /* LoadingViewTests.swift */ = {isa = PBXFileReference; lastKnownFileType = sourcecode.swift; path = LoadingViewTests.swift; sourceTree = "<group>"; };
		274131F32B94B5DB00DBA4AA /* DetailViewTests.swift */ = {isa = PBXFileReference; lastKnownFileType = sourcecode.swift; path = DetailViewTests.swift; sourceTree = "<group>"; };
		274131F62B94C7AB00DBA4AA /* Inspection.swift */ = {isa = PBXFileReference; lastKnownFileType = sourcecode.swift; path = Inspection.swift; sourceTree = "<group>"; };
		274131F92B94C7F400DBA4AA /* InspectionTestTarget.swift */ = {isa = PBXFileReference; lastKnownFileType = sourcecode.swift; path = InspectionTestTarget.swift; sourceTree = "<group>"; };
		2763EBE42B8A1FFA00E3CF22 /* DetailView.swift */ = {isa = PBXFileReference; lastKnownFileType = sourcecode.swift; path = DetailView.swift; sourceTree = "<group>"; };
		2763EBE62B8A200C00E3CF22 /* SeriesDetailViewModel.swift */ = {isa = PBXFileReference; lastKnownFileType = sourcecode.swift; path = SeriesDetailViewModel.swift; sourceTree = "<group>"; };
		276B47AE2B91E12E0070F4D0 /* StatusModel.swift */ = {isa = PBXFileReference; lastKnownFileType = sourcecode.swift; path = StatusModel.swift; sourceTree = "<group>"; };
		276B47B12B91F12C0070F4D0 /* With.swift */ = {isa = PBXFileReference; lastKnownFileType = sourcecode.swift; path = With.swift; sourceTree = "<group>"; };
		276B60772B935B8700744FF0 /* Networker.swift */ = {isa = PBXFileReference; lastKnownFileType = sourcecode.swift; path = Networker.swift; sourceTree = "<group>"; };
		276B607D2B93738200744FF0 /* MarvelInteractor.swift */ = {isa = PBXFileReference; lastKnownFileType = sourcecode.swift; path = MarvelInteractor.swift; sourceTree = "<group>"; };
		27A898FE2B869659007F03A4 /* Extension+URL.swift */ = {isa = PBXFileReference; lastKnownFileType = sourcecode.swift; path = "Extension+URL.swift"; sourceTree = "<group>"; };
		27A899002B86993B007F03A4 /* Extension+URLResponse.swift */ = {isa = PBXFileReference; lastKnownFileType = sourcecode.swift; path = "Extension+URLResponse.swift"; sourceTree = "<group>"; };
		27C2783B2B867580005D0062 /* Marvel.app */ = {isa = PBXFileReference; explicitFileType = wrapper.application; includeInIndex = 0; path = Marvel.app; sourceTree = BUILT_PRODUCTS_DIR; };
		27C2783E2B867580005D0062 /* MarvelApp.swift */ = {isa = PBXFileReference; lastKnownFileType = sourcecode.swift; path = MarvelApp.swift; sourceTree = "<group>"; };
		27C278402B867580005D0062 /* RootView.swift */ = {isa = PBXFileReference; lastKnownFileType = sourcecode.swift; path = RootView.swift; sourceTree = "<group>"; };
		27C278422B867582005D0062 /* Assets.xcassets */ = {isa = PBXFileReference; lastKnownFileType = folder.assetcatalog; path = Assets.xcassets; sourceTree = "<group>"; };
		27C278442B867582005D0062 /* Marvel.entitlements */ = {isa = PBXFileReference; lastKnownFileType = text.plist.entitlements; path = Marvel.entitlements; sourceTree = "<group>"; };
		27C278462B867582005D0062 /* Preview Assets.xcassets */ = {isa = PBXFileReference; lastKnownFileType = folder.assetcatalog; path = "Preview Assets.xcassets"; sourceTree = "<group>"; };
		27C2784C2B867583005D0062 /* MarvelTests.xctest */ = {isa = PBXFileReference; explicitFileType = wrapper.cfbundle; includeInIndex = 0; path = MarvelTests.xctest; sourceTree = BUILT_PRODUCTS_DIR; };
		27C278502B867583005D0062 /* MarvelTests.swift */ = {isa = PBXFileReference; lastKnownFileType = sourcecode.swift; path = MarvelTests.swift; sourceTree = "<group>"; };
		27C278562B867583005D0062 /* MarvelUITests.xctest */ = {isa = PBXFileReference; explicitFileType = wrapper.cfbundle; includeInIndex = 0; path = MarvelUITests.xctest; sourceTree = BUILT_PRODUCTS_DIR; };
		27C2785A2B867583005D0062 /* MarvelUITests.swift */ = {isa = PBXFileReference; lastKnownFileType = sourcecode.swift; path = MarvelUITests.swift; sourceTree = "<group>"; };
		27C2785C2B867583005D0062 /* MarvelUITestsLaunchTests.swift */ = {isa = PBXFileReference; lastKnownFileType = sourcecode.swift; path = MarvelUITestsLaunchTests.swift; sourceTree = "<group>"; };
		27C2786F2B867727005D0062 /* Network.swift */ = {isa = PBXFileReference; lastKnownFileType = sourcecode.swift; path = Network.swift; sourceTree = "<group>"; };
		27C278742B867AF3005D0062 /* Authentication.swift */ = {isa = PBXFileReference; lastKnownFileType = sourcecode.swift; path = Authentication.swift; sourceTree = "<group>"; };
		27C298E02B92074E009E7B5A /* AuthenticationTests.swift */ = {isa = PBXFileReference; lastKnownFileType = sourcecode.swift; path = AuthenticationTests.swift; sourceTree = "<group>"; };
		27C298E32B920F53009E7B5A /* withTests.swift */ = {isa = PBXFileReference; lastKnownFileType = sourcecode.swift; path = withTests.swift; sourceTree = "<group>"; };
		27C298E72B92128A009E7B5A /* Extension+URLTests.swift */ = {isa = PBXFileReference; lastKnownFileType = sourcecode.swift; path = "Extension+URLTests.swift"; sourceTree = "<group>"; };
		27C298E92B921299009E7B5A /* Extension+URLResponseTests.swift */ = {isa = PBXFileReference; lastKnownFileType = sourcecode.swift; path = "Extension+URLResponseTests.swift"; sourceTree = "<group>"; };
		27C298EC2B9222F1009E7B5A /* MarvelResponseTests.swift */ = {isa = PBXFileReference; lastKnownFileType = sourcecode.swift; path = MarvelResponseTests.swift; sourceTree = "<group>"; };
		27C298EE2B9228C8009E7B5A /* StatusModelTests.swift */ = {isa = PBXFileReference; lastKnownFileType = sourcecode.swift; path = StatusModelTests.swift; sourceTree = "<group>"; };
		27C298F22B922B56009E7B5A /* NetworkDataSourceTests.swift */ = {isa = PBXFileReference; lastKnownFileType = sourcecode.swift; path = NetworkDataSourceTests.swift; sourceTree = "<group>"; };
		27C298F52B92401D009E7B5A /* CharactersViewModelTests.swift */ = {isa = PBXFileReference; lastKnownFileType = sourcecode.swift; path = CharactersViewModelTests.swift; sourceTree = "<group>"; };
		27D3BCF72B93ACD100CC133F /* NetworkerTests.swift */ = {isa = PBXFileReference; lastKnownFileType = sourcecode.swift; path = NetworkerTests.swift; sourceTree = "<group>"; };
		27F839112B87AB17002D3A66 /* MarvelResponse.swift */ = {isa = PBXFileReference; lastKnownFileType = sourcecode.swift; path = MarvelResponse.swift; sourceTree = "<group>"; };
/* End PBXFileReference section */

/* Begin PBXFrameworksBuildPhase section */
		27C278382B867580005D0062 /* Frameworks */ = {
			isa = PBXFrameworksBuildPhase;
			buildActionMask = 2147483647;
			files = (
			);
			runOnlyForDeploymentPostprocessing = 0;
		};
		27C278492B867583005D0062 /* Frameworks */ = {
			isa = PBXFrameworksBuildPhase;
			buildActionMask = 2147483647;
			files = (
				274131EA2B94AF1700DBA4AA /* ViewInspector in Frameworks */,
			);
			runOnlyForDeploymentPostprocessing = 0;
		};
		27C278532B867583005D0062 /* Frameworks */ = {
			isa = PBXFrameworksBuildPhase;
			buildActionMask = 2147483647;
			files = (
			);
			runOnlyForDeploymentPostprocessing = 0;
		};
/* End PBXFrameworksBuildPhase section */

/* Begin PBXGroup section */
		271059232B87D517003D9CC7 /* Error */ = {
			isa = PBXGroup;
			children = (
				271059242B87D528003D9CC7 /* ErrorView.swift */,
			);
			path = Error;
			sourceTree = "<group>";
		};
		271059262B87D64C003D9CC7 /* Loading */ = {
			isa = PBXGroup;
			children = (
				271059272B87D65A003D9CC7 /* LoadingView.swift */,
			);
			path = Loading;
			sourceTree = "<group>";
		};
		274131EB2B94AF2D00DBA4AA /* UI */ = {
			isa = PBXGroup;
			children = (
				274131F22B94B5CC00DBA4AA /* Detail */,
				274131EF2B94B47200DBA4AA /* Loading */,
				274131EC2B94AF3D00DBA4AA /* Error */,
			);
			path = UI;
			sourceTree = "<group>";
		};
		274131EC2B94AF3D00DBA4AA /* Error */ = {
			isa = PBXGroup;
			children = (
				274131ED2B94AF5200DBA4AA /* ErrorViewTests.swift */,
			);
			path = Error;
			sourceTree = "<group>";
		};
		274131EF2B94B47200DBA4AA /* Loading */ = {
			isa = PBXGroup;
			children = (
				274131F02B94B48B00DBA4AA /* LoadingViewTests.swift */,
			);
			path = Loading;
			sourceTree = "<group>";
		};
		274131F22B94B5CC00DBA4AA /* Detail */ = {
			isa = PBXGroup;
			children = (
				274131F32B94B5DB00DBA4AA /* DetailViewTests.swift */,
			);
			path = Detail;
			sourceTree = "<group>";
		};
		274131F52B94C78B00DBA4AA /* Inspection */ = {
			isa = PBXGroup;
			children = (
				274131F62B94C7AB00DBA4AA /* Inspection.swift */,
				274131F92B94C7F400DBA4AA /* InspectionTestTarget.swift */,
			);
			path = Inspection;
			sourceTree = "<group>";
		};
		276B47AD2B91DC1A0070F4D0 /* ViewModel */ = {
			isa = PBXGroup;
			children = (
				276B607C2B93736700744FF0 /* Interactor */,
				2710591D2B87BC88003D9CC7 /* CharactersViewModel.swift */,
				2763EBE62B8A200C00E3CF22 /* SeriesDetailViewModel.swift */,
			);
			path = ViewModel;
			sourceTree = "<group>";
		};
		276B47B02B91F11E0070F4D0 /* Utils */ = {
			isa = PBXGroup;
			children = (
				276B47B12B91F12C0070F4D0 /* With.swift */,
			);
			path = Utils;
			sourceTree = "<group>";
		};
		276B607C2B93736700744FF0 /* Interactor */ = {
			isa = PBXGroup;
			children = (
				276B607D2B93738200744FF0 /* MarvelInteractor.swift */,
			);
			path = Interactor;
			sourceTree = "<group>";
		};
		27A898FD2B869644007F03A4 /* Extensions */ = {
			isa = PBXGroup;
			children = (
				27A898FE2B869659007F03A4 /* Extension+URL.swift */,
				27A899002B86993B007F03A4 /* Extension+URLResponse.swift */,
			);
			path = Extensions;
			sourceTree = "<group>";
		};
		27C278322B867580005D0062 = {
			isa = PBXGroup;
			children = (
				27C2783D2B867580005D0062 /* Marvel */,
				27C2784F2B867583005D0062 /* MarvelTests */,
				27C278592B867583005D0062 /* MarvelUITests */,
				27C2783C2B867580005D0062 /* Products */,
			);
			sourceTree = "<group>";
		};
		27C2783C2B867580005D0062 /* Products */ = {
			isa = PBXGroup;
			children = (
				27C2783B2B867580005D0062 /* Marvel.app */,
				27C2784C2B867583005D0062 /* MarvelTests.xctest */,
				27C278562B867583005D0062 /* MarvelUITests.xctest */,
			);
			name = Products;
			sourceTree = "<group>";
		};
		27C2783D2B867580005D0062 /* Marvel */ = {
			isa = PBXGroup;
			children = (
				27C2783E2B867580005D0062 /* MarvelApp.swift */,
				27C278742B867AF3005D0062 /* Authentication.swift */,
				27C278692B8675FB005D0062 /* Shared */,
				27C278422B867582005D0062 /* Assets.xcassets */,
				27C278442B867582005D0062 /* Marvel.entitlements */,
				27C278452B867582005D0062 /* Preview Content */,
				274131F52B94C78B00DBA4AA /* Inspection */,
			);
			path = Marvel;
			sourceTree = "<group>";
		};
		27C278452B867582005D0062 /* Preview Content */ = {
			isa = PBXGroup;
			children = (
				27C278462B867582005D0062 /* Preview Assets.xcassets */,
			);
			path = "Preview Content";
			sourceTree = "<group>";
		};
		27C2784F2B867583005D0062 /* MarvelTests */ = {
			isa = PBXGroup;
			children = (
				27C278502B867583005D0062 /* MarvelTests.swift */,
				27C298E02B92074E009E7B5A /* AuthenticationTests.swift */,
				27C298E22B920F3C009E7B5A /* utils */,
				27C298E52B921256009E7B5A /* Domain */,
				27C298F02B922B3C009E7B5A /* Data */,
				27C298F42B923FCB009E7B5A /* ViewModel */,
				274131EB2B94AF2D00DBA4AA /* UI */,
			);
			path = MarvelTests;
			sourceTree = "<group>";
		};
		27C278592B867583005D0062 /* MarvelUITests */ = {
			isa = PBXGroup;
			children = (
				27C2785A2B867583005D0062 /* MarvelUITests.swift */,
				27C2785C2B867583005D0062 /* MarvelUITestsLaunchTests.swift */,
			);
			path = MarvelUITests;
			sourceTree = "<group>";
		};
		27C278692B8675FB005D0062 /* Shared */ = {
			isa = PBXGroup;
			children = (
				276B47B02B91F11E0070F4D0 /* Utils */,
				27C278712B8679F4005D0062 /* Domain */,
				27C2786A2B867664005D0062 /* Data */,
				276B47AD2B91DC1A0070F4D0 /* ViewModel */,
				27C2786D2B867680005D0062 /* UI */,
			);
			path = Shared;
			sourceTree = "<group>";
		};
		27C2786A2B867664005D0062 /* Data */ = {
			isa = PBXGroup;
			children = (
				27C2786E2B8676FD005D0062 /* Network */,
			);
			path = Data;
			sourceTree = "<group>";
		};
		27C2786B2B86766B005D0062 /* Models */ = {
			isa = PBXGroup;
			children = (
				27F839112B87AB17002D3A66 /* MarvelResponse.swift */,
				276B47AE2B91E12E0070F4D0 /* StatusModel.swift */,
			);
			path = Models;
			sourceTree = "<group>";
		};
		27C2786D2B867680005D0062 /* UI */ = {
			isa = PBXGroup;
			children = (
				27C278782B867BCE005D0062 /* Root */,
				27C278762B867B85005D0062 /* List */,
				27C278772B867BBB005D0062 /* Detail */,
				271059262B87D64C003D9CC7 /* Loading */,
				271059232B87D517003D9CC7 /* Error */,
			);
			path = UI;
			sourceTree = "<group>";
		};
		27C2786E2B8676FD005D0062 /* Network */ = {
			isa = PBXGroup;
			children = (
				27C2786F2B867727005D0062 /* Network.swift */,
				276B60772B935B8700744FF0 /* Networker.swift */,
			);
			path = Network;
			sourceTree = "<group>";
		};
		27C278712B8679F4005D0062 /* Domain */ = {
			isa = PBXGroup;
			children = (
				27A898FD2B869644007F03A4 /* Extensions */,
				27C2786B2B86766B005D0062 /* Models */,
			);
			path = Domain;
			sourceTree = "<group>";
		};
		27C278762B867B85005D0062 /* List */ = {
			isa = PBXGroup;
			children = (
				2710591F2B87C766003D9CC7 /* CharacterCellView.swift */,
				271059212B87D3D4003D9CC7 /* ListView.swift */,
			);
			path = List;
			sourceTree = "<group>";
		};
		27C278772B867BBB005D0062 /* Detail */ = {
			isa = PBXGroup;
			children = (
				2763EBE42B8A1FFA00E3CF22 /* DetailView.swift */,
			);
			path = Detail;
			sourceTree = "<group>";
		};
		27C278782B867BCE005D0062 /* Root */ = {
			isa = PBXGroup;
			children = (
				27C278402B867580005D0062 /* RootView.swift */,
			);
			path = Root;
			sourceTree = "<group>";
		};
		27C298E22B920F3C009E7B5A /* utils */ = {
			isa = PBXGroup;
			children = (
				27C298E32B920F53009E7B5A /* withTests.swift */,
			);
			path = utils;
			sourceTree = "<group>";
		};
		27C298E52B921256009E7B5A /* Domain */ = {
			isa = PBXGroup;
			children = (
				27C298E62B92125C009E7B5A /* Extensions */,
				27C298EB2B9222CE009E7B5A /* Models */,
			);
			path = Domain;
			sourceTree = "<group>";
		};
		27C298E62B92125C009E7B5A /* Extensions */ = {
			isa = PBXGroup;
			children = (
				27C298E72B92128A009E7B5A /* Extension+URLTests.swift */,
				27C298E92B921299009E7B5A /* Extension+URLResponseTests.swift */,
			);
			path = Extensions;
			sourceTree = "<group>";
		};
		27C298EB2B9222CE009E7B5A /* Models */ = {
			isa = PBXGroup;
			children = (
				27C298EC2B9222F1009E7B5A /* MarvelResponseTests.swift */,
				27C298EE2B9228C8009E7B5A /* StatusModelTests.swift */,
			);
			path = Models;
			sourceTree = "<group>";
		};
		27C298F02B922B3C009E7B5A /* Data */ = {
			isa = PBXGroup;
			children = (
				27C298F12B922B41009E7B5A /* Network */,
			);
			path = Data;
			sourceTree = "<group>";
		};
		27C298F12B922B41009E7B5A /* Network */ = {
			isa = PBXGroup;
			children = (
				27C298F22B922B56009E7B5A /* NetworkDataSourceTests.swift */,
				27D3BCF72B93ACD100CC133F /* NetworkerTests.swift */,
			);
			path = Network;
			sourceTree = "<group>";
		};
		27C298F42B923FCB009E7B5A /* ViewModel */ = {
			isa = PBXGroup;
			children = (
				27C298F52B92401D009E7B5A /* CharactersViewModelTests.swift */,
				274131E42B94A87400DBA4AA /* SeriesDetailViewModelTests.swift */,
			);
			path = ViewModel;
			sourceTree = "<group>";
		};
/* End PBXGroup section */

/* Begin PBXNativeTarget section */
		27C2783A2B867580005D0062 /* Marvel */ = {
			isa = PBXNativeTarget;
			buildConfigurationList = 27C278602B867583005D0062 /* Build configuration list for PBXNativeTarget "Marvel" */;
			buildPhases = (
				27C278372B867580005D0062 /* Sources */,
				27C278382B867580005D0062 /* Frameworks */,
				27C278392B867580005D0062 /* Resources */,
			);
			buildRules = (
			);
			dependencies = (
			);
			name = Marvel;
			productName = Marvel;
			productReference = 27C2783B2B867580005D0062 /* Marvel.app */;
			productType = "com.apple.product-type.application";
		};
		27C2784B2B867583005D0062 /* MarvelTests */ = {
			isa = PBXNativeTarget;
			buildConfigurationList = 27C278632B867583005D0062 /* Build configuration list for PBXNativeTarget "MarvelTests" */;
			buildPhases = (
				27C278482B867583005D0062 /* Sources */,
				27C278492B867583005D0062 /* Frameworks */,
				27C2784A2B867583005D0062 /* Resources */,
			);
			buildRules = (
			);
			dependencies = (
				27C2784E2B867583005D0062 /* PBXTargetDependency */,
			);
			name = MarvelTests;
			packageProductDependencies = (
				274131E92B94AF1700DBA4AA /* ViewInspector */,
			);
			productName = MarvelTests;
			productReference = 27C2784C2B867583005D0062 /* MarvelTests.xctest */;
			productType = "com.apple.product-type.bundle.unit-test";
		};
		27C278552B867583005D0062 /* MarvelUITests */ = {
			isa = PBXNativeTarget;
			buildConfigurationList = 27C278662B867583005D0062 /* Build configuration list for PBXNativeTarget "MarvelUITests" */;
			buildPhases = (
				27C278522B867583005D0062 /* Sources */,
				27C278532B867583005D0062 /* Frameworks */,
				27C278542B867583005D0062 /* Resources */,
			);
			buildRules = (
			);
			dependencies = (
				27C278582B867583005D0062 /* PBXTargetDependency */,
			);
			name = MarvelUITests;
			productName = MarvelUITests;
			productReference = 27C278562B867583005D0062 /* MarvelUITests.xctest */;
			productType = "com.apple.product-type.bundle.ui-testing";
		};
/* End PBXNativeTarget section */

/* Begin PBXProject section */
		27C278332B867580005D0062 /* Project object */ = {
			isa = PBXProject;
			attributes = {
				BuildIndependentTargetsInParallel = 1;
				LastSwiftUpdateCheck = 1520;
				LastUpgradeCheck = 1520;
				TargetAttributes = {
					27C2783A2B867580005D0062 = {
						CreatedOnToolsVersion = 15.2;
					};
					27C2784B2B867583005D0062 = {
						CreatedOnToolsVersion = 15.2;
						TestTargetID = 27C2783A2B867580005D0062;
					};
					27C278552B867583005D0062 = {
						CreatedOnToolsVersion = 15.2;
						TestTargetID = 27C2783A2B867580005D0062;
					};
				};
			};
			buildConfigurationList = 27C278362B867580005D0062 /* Build configuration list for PBXProject "Marvel" */;
			compatibilityVersion = "Xcode 14.0";
			developmentRegion = en;
			hasScannedForEncodings = 0;
			knownRegions = (
				en,
				Base,
			);
			mainGroup = 27C278322B867580005D0062;
			packageReferences = (
				274131E82B94AF1700DBA4AA /* XCRemoteSwiftPackageReference "ViewInspector" */,
			);
			productRefGroup = 27C2783C2B867580005D0062 /* Products */;
			projectDirPath = "";
			projectRoot = "";
			targets = (
				27C2783A2B867580005D0062 /* Marvel */,
				27C2784B2B867583005D0062 /* MarvelTests */,
				27C278552B867583005D0062 /* MarvelUITests */,
			);
		};
/* End PBXProject section */

/* Begin PBXResourcesBuildPhase section */
		27C278392B867580005D0062 /* Resources */ = {
			isa = PBXResourcesBuildPhase;
			buildActionMask = 2147483647;
			files = (
				27C278472B867582005D0062 /* Preview Assets.xcassets in Resources */,
				27C278432B867582005D0062 /* Assets.xcassets in Resources */,
			);
			runOnlyForDeploymentPostprocessing = 0;
		};
		27C2784A2B867583005D0062 /* Resources */ = {
			isa = PBXResourcesBuildPhase;
			buildActionMask = 2147483647;
			files = (
			);
			runOnlyForDeploymentPostprocessing = 0;
		};
		27C278542B867583005D0062 /* Resources */ = {
			isa = PBXResourcesBuildPhase;
			buildActionMask = 2147483647;
			files = (
			);
			runOnlyForDeploymentPostprocessing = 0;
		};
/* End PBXResourcesBuildPhase section */

/* Begin PBXSourcesBuildPhase section */
		27C278372B867580005D0062 /* Sources */ = {
			isa = PBXSourcesBuildPhase;
			buildActionMask = 2147483647;
			files = (
				276B47AF2B91E12E0070F4D0 /* StatusModel.swift in Sources */,
				276B47B22B91F12C0070F4D0 /* With.swift in Sources */,
				27A899012B86993B007F03A4 /* Extension+URLResponse.swift in Sources */,
				27C278412B867580005D0062 /* RootView.swift in Sources */,
				271059222B87D3D4003D9CC7 /* ListView.swift in Sources */,
				271059202B87C766003D9CC7 /* CharacterCellView.swift in Sources */,
				27C278702B867727005D0062 /* Network.swift in Sources */,
				271059282B87D65A003D9CC7 /* LoadingView.swift in Sources */,
				276B60782B935B8700744FF0 /* Networker.swift in Sources */,
				27C278752B867AF3005D0062 /* Authentication.swift in Sources */,
				2763EBE52B8A1FFA00E3CF22 /* DetailView.swift in Sources */,
				27F839122B87AB17002D3A66 /* MarvelResponse.swift in Sources */,
				2763EBE72B8A200C00E3CF22 /* SeriesDetailViewModel.swift in Sources */,
				27A898FF2B869659007F03A4 /* Extension+URL.swift in Sources */,
				2710591E2B87BC88003D9CC7 /* CharactersViewModel.swift in Sources */,
				27C2783F2B867580005D0062 /* MarvelApp.swift in Sources */,
				271059252B87D528003D9CC7 /* ErrorView.swift in Sources */,
				276B607E2B93738200744FF0 /* MarvelInteractor.swift in Sources */,
				274131F82B94C7BF00DBA4AA /* Inspection.swift in Sources */,
			);
			runOnlyForDeploymentPostprocessing = 0;
		};
		27C278482B867583005D0062 /* Sources */ = {
			isa = PBXSourcesBuildPhase;
			buildActionMask = 2147483647;
			files = (
				27C298EF2B9228C8009E7B5A /* StatusModelTests.swift in Sources */,
				274131F12B94B48B00DBA4AA /* LoadingViewTests.swift in Sources */,
				27D3BCF82B93ACD100CC133F /* NetworkerTests.swift in Sources */,
				274131F42B94B5DB00DBA4AA /* DetailViewTests.swift in Sources */,
				27C278512B867583005D0062 /* MarvelTests.swift in Sources */,
				27C298F62B92401D009E7B5A /* CharactersViewModelTests.swift in Sources */,
				27C298EA2B921299009E7B5A /* Extension+URLResponseTests.swift in Sources */,
				27C298E82B92128A009E7B5A /* Extension+URLTests.swift in Sources */,
				274131E52B94A87400DBA4AA /* SeriesDetailViewModelTests.swift in Sources */,
				27C298ED2B9222F1009E7B5A /* MarvelResponseTests.swift in Sources */,
				27C298E12B92074E009E7B5A /* AuthenticationTests.swift in Sources */,
				27C298E42B920F53009E7B5A /* withTests.swift in Sources */,
				27C298F32B922B56009E7B5A /* NetworkDataSourceTests.swift in Sources */,
				274131EE2B94AF5200DBA4AA /* ErrorViewTests.swift in Sources */,
				274131FC2B94C81A00DBA4AA /* InspectionTestTarget.swift in Sources */,
			);
			runOnlyForDeploymentPostprocessing = 0;
		};
		27C278522B867583005D0062 /* Sources */ = {
			isa = PBXSourcesBuildPhase;
			buildActionMask = 2147483647;
			files = (
				27D3BCF52B93A5D400CC133F /* MarvelUITests.swift in Sources */,
				27D3BCF62B93A5D700CC133F /* MarvelUITestsLaunchTests.swift in Sources */,
			);
			runOnlyForDeploymentPostprocessing = 0;
		};
/* End PBXSourcesBuildPhase section */

/* Begin PBXTargetDependency section */
		27C2784E2B867583005D0062 /* PBXTargetDependency */ = {
			isa = PBXTargetDependency;
			target = 27C2783A2B867580005D0062 /* Marvel */;
			targetProxy = 27C2784D2B867583005D0062 /* PBXContainerItemProxy */;
		};
		27C278582B867583005D0062 /* PBXTargetDependency */ = {
			isa = PBXTargetDependency;
			target = 27C2783A2B867580005D0062 /* Marvel */;
			targetProxy = 27C278572B867583005D0062 /* PBXContainerItemProxy */;
		};
/* End PBXTargetDependency section */

/* Begin XCBuildConfiguration section */
		27C2785E2B867583005D0062 /* Debug */ = {
			isa = XCBuildConfiguration;
			buildSettings = {
				ALWAYS_SEARCH_USER_PATHS = NO;
				ASSETCATALOG_COMPILER_GENERATE_SWIFT_ASSET_SYMBOL_EXTENSIONS = YES;
				CLANG_ANALYZER_NONNULL = YES;
				CLANG_ANALYZER_NUMBER_OBJECT_CONVERSION = YES_AGGRESSIVE;
				CLANG_CXX_LANGUAGE_STANDARD = "gnu++20";
				CLANG_ENABLE_MODULES = YES;
				CLANG_ENABLE_OBJC_ARC = YES;
				CLANG_ENABLE_OBJC_WEAK = YES;
				CLANG_WARN_BLOCK_CAPTURE_AUTORELEASING = YES;
				CLANG_WARN_BOOL_CONVERSION = YES;
				CLANG_WARN_COMMA = YES;
				CLANG_WARN_CONSTANT_CONVERSION = YES;
				CLANG_WARN_DEPRECATED_OBJC_IMPLEMENTATIONS = YES;
				CLANG_WARN_DIRECT_OBJC_ISA_USAGE = YES_ERROR;
				CLANG_WARN_DOCUMENTATION_COMMENTS = YES;
				CLANG_WARN_EMPTY_BODY = YES;
				CLANG_WARN_ENUM_CONVERSION = YES;
				CLANG_WARN_INFINITE_RECURSION = YES;
				CLANG_WARN_INT_CONVERSION = YES;
				CLANG_WARN_NON_LITERAL_NULL_CONVERSION = YES;
				CLANG_WARN_OBJC_IMPLICIT_RETAIN_SELF = YES;
				CLANG_WARN_OBJC_LITERAL_CONVERSION = YES;
				CLANG_WARN_OBJC_ROOT_CLASS = YES_ERROR;
				CLANG_WARN_QUOTED_INCLUDE_IN_FRAMEWORK_HEADER = YES;
				CLANG_WARN_RANGE_LOOP_ANALYSIS = YES;
				CLANG_WARN_STRICT_PROTOTYPES = YES;
				CLANG_WARN_SUSPICIOUS_MOVE = YES;
				CLANG_WARN_UNGUARDED_AVAILABILITY = YES_AGGRESSIVE;
				CLANG_WARN_UNREACHABLE_CODE = YES;
				CLANG_WARN__DUPLICATE_METHOD_MATCH = YES;
				COPY_PHASE_STRIP = NO;
				DEBUG_INFORMATION_FORMAT = dwarf;
				ENABLE_STRICT_OBJC_MSGSEND = YES;
				ENABLE_TESTABILITY = YES;
				ENABLE_USER_SCRIPT_SANDBOXING = YES;
				GCC_C_LANGUAGE_STANDARD = gnu17;
				GCC_DYNAMIC_NO_PIC = NO;
				GCC_NO_COMMON_BLOCKS = YES;
				GCC_OPTIMIZATION_LEVEL = 0;
				GCC_PREPROCESSOR_DEFINITIONS = (
					"DEBUG=1",
					"$(inherited)",
				);
				GCC_WARN_64_TO_32_BIT_CONVERSION = YES;
				GCC_WARN_ABOUT_RETURN_TYPE = YES_ERROR;
				GCC_WARN_UNDECLARED_SELECTOR = YES;
				GCC_WARN_UNINITIALIZED_AUTOS = YES_AGGRESSIVE;
				GCC_WARN_UNUSED_FUNCTION = YES;
				GCC_WARN_UNUSED_VARIABLE = YES;
				LOCALIZATION_PREFERS_STRING_CATALOGS = YES;
				MTL_ENABLE_DEBUG_INFO = INCLUDE_SOURCE;
				MTL_FAST_MATH = YES;
				ONLY_ACTIVE_ARCH = YES;
				SWIFT_ACTIVE_COMPILATION_CONDITIONS = "DEBUG $(inherited)";
				SWIFT_OPTIMIZATION_LEVEL = "-Onone";
			};
			name = Debug;
		};
		27C2785F2B867583005D0062 /* Release */ = {
			isa = XCBuildConfiguration;
			buildSettings = {
				ALWAYS_SEARCH_USER_PATHS = NO;
				ASSETCATALOG_COMPILER_GENERATE_SWIFT_ASSET_SYMBOL_EXTENSIONS = YES;
				CLANG_ANALYZER_NONNULL = YES;
				CLANG_ANALYZER_NUMBER_OBJECT_CONVERSION = YES_AGGRESSIVE;
				CLANG_CXX_LANGUAGE_STANDARD = "gnu++20";
				CLANG_ENABLE_MODULES = YES;
				CLANG_ENABLE_OBJC_ARC = YES;
				CLANG_ENABLE_OBJC_WEAK = YES;
				CLANG_WARN_BLOCK_CAPTURE_AUTORELEASING = YES;
				CLANG_WARN_BOOL_CONVERSION = YES;
				CLANG_WARN_COMMA = YES;
				CLANG_WARN_CONSTANT_CONVERSION = YES;
				CLANG_WARN_DEPRECATED_OBJC_IMPLEMENTATIONS = YES;
				CLANG_WARN_DIRECT_OBJC_ISA_USAGE = YES_ERROR;
				CLANG_WARN_DOCUMENTATION_COMMENTS = YES;
				CLANG_WARN_EMPTY_BODY = YES;
				CLANG_WARN_ENUM_CONVERSION = YES;
				CLANG_WARN_INFINITE_RECURSION = YES;
				CLANG_WARN_INT_CONVERSION = YES;
				CLANG_WARN_NON_LITERAL_NULL_CONVERSION = YES;
				CLANG_WARN_OBJC_IMPLICIT_RETAIN_SELF = YES;
				CLANG_WARN_OBJC_LITERAL_CONVERSION = YES;
				CLANG_WARN_OBJC_ROOT_CLASS = YES_ERROR;
				CLANG_WARN_QUOTED_INCLUDE_IN_FRAMEWORK_HEADER = YES;
				CLANG_WARN_RANGE_LOOP_ANALYSIS = YES;
				CLANG_WARN_STRICT_PROTOTYPES = YES;
				CLANG_WARN_SUSPICIOUS_MOVE = YES;
				CLANG_WARN_UNGUARDED_AVAILABILITY = YES_AGGRESSIVE;
				CLANG_WARN_UNREACHABLE_CODE = YES;
				CLANG_WARN__DUPLICATE_METHOD_MATCH = YES;
				COPY_PHASE_STRIP = NO;
				DEBUG_INFORMATION_FORMAT = "dwarf-with-dsym";
				ENABLE_NS_ASSERTIONS = NO;
				ENABLE_STRICT_OBJC_MSGSEND = YES;
				ENABLE_USER_SCRIPT_SANDBOXING = YES;
				GCC_C_LANGUAGE_STANDARD = gnu17;
				GCC_NO_COMMON_BLOCKS = YES;
				GCC_WARN_64_TO_32_BIT_CONVERSION = YES;
				GCC_WARN_ABOUT_RETURN_TYPE = YES_ERROR;
				GCC_WARN_UNDECLARED_SELECTOR = YES;
				GCC_WARN_UNINITIALIZED_AUTOS = YES_AGGRESSIVE;
				GCC_WARN_UNUSED_FUNCTION = YES;
				GCC_WARN_UNUSED_VARIABLE = YES;
				LOCALIZATION_PREFERS_STRING_CATALOGS = YES;
				MTL_ENABLE_DEBUG_INFO = NO;
				MTL_FAST_MATH = YES;
				SWIFT_COMPILATION_MODE = wholemodule;
			};
			name = Release;
		};
		27C278612B867583005D0062 /* Debug */ = {
			isa = XCBuildConfiguration;
			buildSettings = {
				ASSETCATALOG_COMPILER_APPICON_NAME = AppIcon;
				ASSETCATALOG_COMPILER_GLOBAL_ACCENT_COLOR_NAME = AccentColor;
				CODE_SIGN_ENTITLEMENTS = Marvel/Marvel.entitlements;
				CODE_SIGN_STYLE = Automatic;
				CURRENT_PROJECT_VERSION = 1;
				DEVELOPMENT_ASSET_PATHS = "\"Marvel/Preview Content\"";
				DEVELOPMENT_TEAM = VH6QZ3CQRX;
				ENABLE_HARDENED_RUNTIME = YES;
				ENABLE_PREVIEWS = YES;
				GENERATE_INFOPLIST_FILE = YES;
				"INFOPLIST_KEY_UIApplicationSceneManifest_Generation[sdk=iphoneos*]" = YES;
				"INFOPLIST_KEY_UIApplicationSceneManifest_Generation[sdk=iphonesimulator*]" = YES;
				"INFOPLIST_KEY_UIApplicationSupportsIndirectInputEvents[sdk=iphoneos*]" = YES;
				"INFOPLIST_KEY_UIApplicationSupportsIndirectInputEvents[sdk=iphonesimulator*]" = YES;
				"INFOPLIST_KEY_UILaunchScreen_Generation[sdk=iphoneos*]" = YES;
				"INFOPLIST_KEY_UILaunchScreen_Generation[sdk=iphonesimulator*]" = YES;
				"INFOPLIST_KEY_UIStatusBarStyle[sdk=iphoneos*]" = UIStatusBarStyleDefault;
				"INFOPLIST_KEY_UIStatusBarStyle[sdk=iphonesimulator*]" = UIStatusBarStyleDefault;
				INFOPLIST_KEY_UISupportedInterfaceOrientations_iPad = "UIInterfaceOrientationPortrait UIInterfaceOrientationPortraitUpsideDown UIInterfaceOrientationLandscapeLeft UIInterfaceOrientationLandscapeRight";
				INFOPLIST_KEY_UISupportedInterfaceOrientations_iPhone = "UIInterfaceOrientationPortrait UIInterfaceOrientationLandscapeLeft UIInterfaceOrientationLandscapeRight";
				IPHONEOS_DEPLOYMENT_TARGET = 17.2;
				LD_RUNPATH_SEARCH_PATHS = "@executable_path/Frameworks";
				"LD_RUNPATH_SEARCH_PATHS[sdk=macosx*]" = "@executable_path/../Frameworks";
				MACOSX_DEPLOYMENT_TARGET = 14.2;
				MARKETING_VERSION = 1.0;
				PRODUCT_BUNDLE_IDENTIFIER = sdar.Marvel;
				PRODUCT_NAME = "$(TARGET_NAME)";
				SDKROOT = auto;
				SUPPORTED_PLATFORMS = "iphoneos iphonesimulator macosx";
				SWIFT_EMIT_LOC_STRINGS = YES;
				SWIFT_VERSION = 5.0;
				TARGETED_DEVICE_FAMILY = "1,2";
			};
			name = Debug;
		};
		27C278622B867583005D0062 /* Release */ = {
			isa = XCBuildConfiguration;
			buildSettings = {
				ASSETCATALOG_COMPILER_APPICON_NAME = AppIcon;
				ASSETCATALOG_COMPILER_GLOBAL_ACCENT_COLOR_NAME = AccentColor;
				CODE_SIGN_ENTITLEMENTS = Marvel/Marvel.entitlements;
				CODE_SIGN_STYLE = Automatic;
				CURRENT_PROJECT_VERSION = 1;
				DEVELOPMENT_ASSET_PATHS = "\"Marvel/Preview Content\"";
				DEVELOPMENT_TEAM = VH6QZ3CQRX;
				ENABLE_HARDENED_RUNTIME = YES;
				ENABLE_PREVIEWS = YES;
				GENERATE_INFOPLIST_FILE = YES;
				"INFOPLIST_KEY_UIApplicationSceneManifest_Generation[sdk=iphoneos*]" = YES;
				"INFOPLIST_KEY_UIApplicationSceneManifest_Generation[sdk=iphonesimulator*]" = YES;
				"INFOPLIST_KEY_UIApplicationSupportsIndirectInputEvents[sdk=iphoneos*]" = YES;
				"INFOPLIST_KEY_UIApplicationSupportsIndirectInputEvents[sdk=iphonesimulator*]" = YES;
				"INFOPLIST_KEY_UILaunchScreen_Generation[sdk=iphoneos*]" = YES;
				"INFOPLIST_KEY_UILaunchScreen_Generation[sdk=iphonesimulator*]" = YES;
				"INFOPLIST_KEY_UIStatusBarStyle[sdk=iphoneos*]" = UIStatusBarStyleDefault;
				"INFOPLIST_KEY_UIStatusBarStyle[sdk=iphonesimulator*]" = UIStatusBarStyleDefault;
				INFOPLIST_KEY_UISupportedInterfaceOrientations_iPad = "UIInterfaceOrientationPortrait UIInterfaceOrientationPortraitUpsideDown UIInterfaceOrientationLandscapeLeft UIInterfaceOrientationLandscapeRight";
				INFOPLIST_KEY_UISupportedInterfaceOrientations_iPhone = "UIInterfaceOrientationPortrait UIInterfaceOrientationLandscapeLeft UIInterfaceOrientationLandscapeRight";
				IPHONEOS_DEPLOYMENT_TARGET = 17.2;
				LD_RUNPATH_SEARCH_PATHS = "@executable_path/Frameworks";
				"LD_RUNPATH_SEARCH_PATHS[sdk=macosx*]" = "@executable_path/../Frameworks";
				MACOSX_DEPLOYMENT_TARGET = 14.2;
				MARKETING_VERSION = 1.0;
				PRODUCT_BUNDLE_IDENTIFIER = sdar.Marvel;
				PRODUCT_NAME = "$(TARGET_NAME)";
				SDKROOT = auto;
				SUPPORTED_PLATFORMS = "iphoneos iphonesimulator macosx";
				SWIFT_EMIT_LOC_STRINGS = YES;
				SWIFT_VERSION = 5.0;
				TARGETED_DEVICE_FAMILY = "1,2";
			};
			name = Release;
		};
		27C278642B867583005D0062 /* Debug */ = {
			isa = XCBuildConfiguration;
			buildSettings = {
				ALWAYS_EMBED_SWIFT_STANDARD_LIBRARIES = YES;
				BUNDLE_LOADER = "$(TEST_HOST)";
				CODE_SIGN_STYLE = Automatic;
				CURRENT_PROJECT_VERSION = 1;
				DEVELOPMENT_TEAM = VH6QZ3CQRX;
				GENERATE_INFOPLIST_FILE = YES;
				IPHONEOS_DEPLOYMENT_TARGET = 17.2;
				MACOSX_DEPLOYMENT_TARGET = 14.2;
				MARKETING_VERSION = 1.0;
				PRODUCT_BUNDLE_IDENTIFIER = sdar.MarvelTests;
				PRODUCT_NAME = "$(TARGET_NAME)";
				SDKROOT = auto;
				SUPPORTED_PLATFORMS = "iphoneos iphonesimulator macosx";
				SWIFT_EMIT_LOC_STRINGS = NO;
				SWIFT_VERSION = 5.0;
				TARGETED_DEVICE_FAMILY = "1,2";
				TEST_HOST = "$(BUILT_PRODUCTS_DIR)/Marvel.app/$(BUNDLE_EXECUTABLE_FOLDER_PATH)/Marvel";
			};
			name = Debug;
		};
		27C278652B867583005D0062 /* Release */ = {
			isa = XCBuildConfiguration;
			buildSettings = {
				ALWAYS_EMBED_SWIFT_STANDARD_LIBRARIES = YES;
				BUNDLE_LOADER = "$(TEST_HOST)";
				CODE_SIGN_STYLE = Automatic;
				CURRENT_PROJECT_VERSION = 1;
				DEVELOPMENT_TEAM = VH6QZ3CQRX;
				GENERATE_INFOPLIST_FILE = YES;
				IPHONEOS_DEPLOYMENT_TARGET = 17.2;
				MACOSX_DEPLOYMENT_TARGET = 14.2;
				MARKETING_VERSION = 1.0;
				PRODUCT_BUNDLE_IDENTIFIER = sdar.MarvelTests;
				PRODUCT_NAME = "$(TARGET_NAME)";
				SDKROOT = auto;
				SUPPORTED_PLATFORMS = "iphoneos iphonesimulator macosx";
				SWIFT_EMIT_LOC_STRINGS = NO;
				SWIFT_VERSION = 5.0;
				TARGETED_DEVICE_FAMILY = "1,2";
				TEST_HOST = "$(BUILT_PRODUCTS_DIR)/Marvel.app/$(BUNDLE_EXECUTABLE_FOLDER_PATH)/Marvel";
			};
			name = Release;
		};
		27C278672B867583005D0062 /* Debug */ = {
			isa = XCBuildConfiguration;
			buildSettings = {
				ALWAYS_EMBED_SWIFT_STANDARD_LIBRARIES = YES;
				CODE_SIGN_STYLE = Automatic;
				CURRENT_PROJECT_VERSION = 1;
				DEVELOPMENT_TEAM = VH6QZ3CQRX;
				GENERATE_INFOPLIST_FILE = YES;
				IPHONEOS_DEPLOYMENT_TARGET = 17.2;
				MACOSX_DEPLOYMENT_TARGET = 14.2;
				MARKETING_VERSION = 1.0;
				PRODUCT_BUNDLE_IDENTIFIER = sdar.MarvelUITests;
				PRODUCT_NAME = "$(TARGET_NAME)";
				SDKROOT = auto;
				SUPPORTED_PLATFORMS = "iphoneos iphonesimulator macosx";
				SWIFT_EMIT_LOC_STRINGS = NO;
				SWIFT_VERSION = 5.0;
				TARGETED_DEVICE_FAMILY = "1,2";
				TEST_TARGET_NAME = Marvel;
			};
			name = Debug;
		};
		27C278682B867583005D0062 /* Release */ = {
			isa = XCBuildConfiguration;
			buildSettings = {
				ALWAYS_EMBED_SWIFT_STANDARD_LIBRARIES = YES;
				CODE_SIGN_STYLE = Automatic;
				CURRENT_PROJECT_VERSION = 1;
				DEVELOPMENT_TEAM = VH6QZ3CQRX;
				GENERATE_INFOPLIST_FILE = YES;
				IPHONEOS_DEPLOYMENT_TARGET = 17.2;
				MACOSX_DEPLOYMENT_TARGET = 14.2;
				MARKETING_VERSION = 1.0;
				PRODUCT_BUNDLE_IDENTIFIER = sdar.MarvelUITests;
				PRODUCT_NAME = "$(TARGET_NAME)";
				SDKROOT = auto;
				SUPPORTED_PLATFORMS = "iphoneos iphonesimulator macosx";
				SWIFT_EMIT_LOC_STRINGS = NO;
				SWIFT_VERSION = 5.0;
				TARGETED_DEVICE_FAMILY = "1,2";
				TEST_TARGET_NAME = Marvel;
			};
			name = Release;
		};
/* End XCBuildConfiguration section */

/* Begin XCConfigurationList section */
		27C278362B867580005D0062 /* Build configuration list for PBXProject "Marvel" */ = {
			isa = XCConfigurationList;
			buildConfigurations = (
				27C2785E2B867583005D0062 /* Debug */,
				27C2785F2B867583005D0062 /* Release */,
			);
			defaultConfigurationIsVisible = 0;
			defaultConfigurationName = Release;
		};
		27C278602B867583005D0062 /* Build configuration list for PBXNativeTarget "Marvel" */ = {
			isa = XCConfigurationList;
			buildConfigurations = (
				27C278612B867583005D0062 /* Debug */,
				27C278622B867583005D0062 /* Release */,
			);
			defaultConfigurationIsVisible = 0;
			defaultConfigurationName = Release;
		};
		27C278632B867583005D0062 /* Build configuration list for PBXNativeTarget "MarvelTests" */ = {
			isa = XCConfigurationList;
			buildConfigurations = (
				27C278642B867583005D0062 /* Debug */,
				27C278652B867583005D0062 /* Release */,
			);
			defaultConfigurationIsVisible = 0;
			defaultConfigurationName = Release;
		};
		27C278662B867583005D0062 /* Build configuration list for PBXNativeTarget "MarvelUITests" */ = {
			isa = XCConfigurationList;
			buildConfigurations = (
				27C278672B867583005D0062 /* Debug */,
				27C278682B867583005D0062 /* Release */,
			);
			defaultConfigurationIsVisible = 0;
			defaultConfigurationName = Release;
		};
/* End XCConfigurationList section */

/* Begin XCRemoteSwiftPackageReference section */
		274131E82B94AF1700DBA4AA /* XCRemoteSwiftPackageReference "ViewInspector" */ = {
			isa = XCRemoteSwiftPackageReference;
			repositoryURL = "https://github.com/nalexn/ViewInspector";
			requirement = {
				kind = upToNextMinorVersion;
				minimumVersion = 0.9.10;
			};
		};
/* End XCRemoteSwiftPackageReference section */

/* Begin XCSwiftPackageProductDependency section */
		274131E92B94AF1700DBA4AA /* ViewInspector */ = {
			isa = XCSwiftPackageProductDependency;
			package = 274131E82B94AF1700DBA4AA /* XCRemoteSwiftPackageReference "ViewInspector" */;
			productName = ViewInspector;
		};
/* End XCSwiftPackageProductDependency section */
	};
	rootObject = 27C278332B867580005D0062 /* Project object */;
}
